{
  "version": 4,
  "terraform_version": "1.3.5",
  "serial": 5,
  "lineage": "bd0181da-8591-3107-791d-657d0ea273a9",
  "outputs": {},
  "resources": [
    {
      "module": "module.cloudwatch_alarm",
      "mode": "data",
      "type": "aws_iam_policy_document",
      "name": "my_custom_sns_policy_document",
      "provider": "module.cloudwatch_alarm.provider[\"registry.terraform.io/hashicorp/aws\"]",
      "instances": [
        {
          "schema_version": 0,
          "attributes": {
            "id": "1215197483",
            "json": "{\n  \"Version\": \"2012-10-17\",\n  \"Id\": \"__default_policy_ID\",\n  \"Statement\": [\n    {\n      \"Sid\": \"__default_statement_ID\",\n      \"Effect\": \"Allow\",\n      \"Action\": [\n        \"SNS:Subscribe\",\n        \"SNS:SetTopicAttributes\",\n        \"SNS:RemovePermission\",\n        \"SNS:Receive\",\n        \"SNS:Publish\",\n        \"SNS:ListSubscriptionsByTopic\",\n        \"SNS:GetTopicAttributes\",\n        \"SNS:DeleteTopic\",\n        \"SNS:AddPermission\"\n      ],\n      \"Resource\": \"arn:aws:sns:eu-central-1:894602450013:terraform-20230907084319565000000002\",\n      \"Principal\": {\n        \"AWS\": \"894602450013\"\n      },\n      \"Condition\": {\n        \"StringEquals\": {\n          \"AWS:SourceOwner\": \"894602450013\"\n        }\n      }\n    }\n  ]\n}",
            "override_policy_documents": null,
            "policy_id": "__default_policy_ID",
            "source_policy_documents": null,
            "statement": [
              {
                "actions": [
                  "SNS:AddPermission",
                  "SNS:DeleteTopic",
                  "SNS:GetTopicAttributes",
                  "SNS:ListSubscriptionsByTopic",
                  "SNS:Publish",
                  "SNS:Receive",
                  "SNS:RemovePermission",
                  "SNS:SetTopicAttributes",
                  "SNS:Subscribe"
                ],
                "condition": [
                  {
                    "test": "StringEquals",
                    "values": [
                      "894602450013"
                    ],
                    "variable": "AWS:SourceOwner"
                  }
                ],
                "effect": "Allow",
                "not_actions": [],
                "not_principals": [],
                "not_resources": [],
                "principals": [
                  {
                    "identifiers": [
                      "894602450013"
                    ],
                    "type": "AWS"
                  }
                ],
                "resources": [
                  "arn:aws:sns:eu-central-1:894602450013:terraform-20230907084319565000000002"
                ],
                "sid": "__default_statement_ID"
              }
            ],
            "version": "2012-10-17"
          },
          "sensitive_attributes": []
        }
      ]
    },
    {
      "module": "module.cloudwatch_alarm",
      "mode": "managed",
      "type": "aws_cloudwatch_metric_alarm",
      "name": "this",
      "provider": "module.cloudwatch_alarm.provider[\"registry.terraform.io/hashicorp/aws\"]",
      "instances": [
        {
          "index_key": 0,
          "schema_version": 1,
          "attributes": {
            "actions_enabled": true,
            "alarm_actions": [
              "arn:aws:sns:eu-central-1:894602450013:terraform-20230907084319565000000002"
            ],
            "alarm_description": "",
            "alarm_name": "EC2_CPU_Usage-0",
            "arn": "arn:aws:cloudwatch:eu-central-1:894602450013:alarm:EC2_CPU_Usage-0",
            "comparison_operator": "GreaterThanOrEqualToThreshold",
            "datapoints_to_alarm": 0,
            "dimensions": {
              "DBInstanceIdentifier": "afis-api-test"
            },
            "evaluate_low_sample_count_percentiles": "",
            "evaluation_periods": 2,
            "extended_statistic": "",
            "id": "EC2_CPU_Usage-0",
            "insufficient_data_actions": null,
            "metric_name": "CPUUtilization",
            "metric_query": [],
            "namespace": "AWS/EC2",
            "ok_actions": null,
            "period": 60,
            "statistic": "Average",
            "tags": null,
            "tags_all": {},
            "threshold": 70,
            "threshold_metric_id": "",
            "treat_missing_data": "missing",
            "unit": ""
          },
          "sensitive_attributes": [],
          "private": "eyJzY2hlbWFfdmVyc2lvbiI6IjEifQ==",
          "dependencies": [
            "module.cloudwatch_alarm.aws_sns_topic.my_first_sns_topic"
          ]
        }
      ]
    },
    {
      "module": "module.cloudwatch_alarm",
      "mode": "managed",
      "type": "aws_sns_topic",
      "name": "my_first_sns_topic",
      "provider": "module.cloudwatch_alarm.provider[\"registry.terraform.io/hashicorp/aws\"]",
      "instances": [
        {
          "schema_version": 0,
          "attributes": {
            "application_failure_feedback_role_arn": "",
            "application_success_feedback_role_arn": "",
            "application_success_feedback_sample_rate": 0,
            "arn": "arn:aws:sns:eu-central-1:894602450013:terraform-20230907084319565000000002",
            "content_based_deduplication": false,
            "delivery_policy": "",
            "display_name": "",
            "fifo_topic": false,
            "firehose_failure_feedback_role_arn": "",
            "firehose_success_feedback_role_arn": "",
            "firehose_success_feedback_sample_rate": 0,
            "http_failure_feedback_role_arn": "",
            "http_success_feedback_role_arn": "",
            "http_success_feedback_sample_rate": 0,
            "id": "arn:aws:sns:eu-central-1:894602450013:terraform-20230907084319565000000002",
            "kms_master_key_id": "",
            "lambda_failure_feedback_role_arn": "",
            "lambda_success_feedback_role_arn": "",
            "lambda_success_feedback_sample_rate": 0,
            "name": "terraform-20230907084319565000000002",
            "name_prefix": "terraform-",
            "owner": "894602450013",
            "policy": "{\"Id\":\"__default_policy_ID\",\"Statement\":[{\"Action\":[\"SNS:GetTopicAttributes\",\"SNS:SetTopicAttributes\",\"SNS:AddPermission\",\"SNS:RemovePermission\",\"SNS:DeleteTopic\",\"SNS:Subscribe\",\"SNS:ListSubscriptionsByTopic\",\"SNS:Publish\"],\"Condition\":{\"StringEquals\":{\"AWS:SourceOwner\":\"894602450013\"}},\"Effect\":\"Allow\",\"Principal\":{\"AWS\":\"*\"},\"Resource\":\"arn:aws:sns:eu-central-1:894602450013:terraform-20230907084319565000000002\",\"Sid\":\"__default_statement_ID\"}],\"Version\":\"2008-10-17\"}",
            "signature_version": 0,
            "sqs_failure_feedback_role_arn": "",
            "sqs_success_feedback_role_arn": "",
            "sqs_success_feedback_sample_rate": 0,
            "tags": null,
            "tags_all": {},
            "tracing_config": ""
          },
          "sensitive_attributes": [],
          "private": "bnVsbA=="
        }
      ]
    },
    {
      "module": "module.cloudwatch_alarm",
      "mode": "managed",
      "type": "aws_sns_topic_policy",
      "name": "my_sns_topic_policy",
      "provider": "module.cloudwatch_alarm.provider[\"registry.terraform.io/hashicorp/aws\"]",
      "instances": [
        {
          "schema_version": 0,
          "attributes": {
            "arn": "arn:aws:sns:eu-central-1:894602450013:terraform-20230907084319565000000002",
            "id": "arn:aws:sns:eu-central-1:894602450013:terraform-20230907084319565000000002",
            "owner": "894602450013",
            "policy": "{\"Id\":\"__default_policy_ID\",\"Statement\":[{\"Action\":[\"SNS:Subscribe\",\"SNS:SetTopicAttributes\",\"SNS:RemovePermission\",\"SNS:Receive\",\"SNS:Publish\",\"SNS:ListSubscriptionsByTopic\",\"SNS:GetTopicAttributes\",\"SNS:DeleteTopic\",\"SNS:AddPermission\"],\"Condition\":{\"StringEquals\":{\"AWS:SourceOwner\":\"894602450013\"}},\"Effect\":\"Allow\",\"Principal\":{\"AWS\":\"894602450013\"},\"Resource\":\"arn:aws:sns:eu-central-1:894602450013:terraform-20230907084319565000000002\",\"Sid\":\"__default_statement_ID\"}],\"Version\":\"2012-10-17\"}"
          },
          "sensitive_attributes": [],
          "private": "bnVsbA==",
          "dependencies": [
            "module.cloudwatch_alarm.aws_sns_topic.my_first_sns_topic",
            "module.cloudwatch_alarm.data.aws_iam_policy_document.my_custom_sns_policy_document"
          ]
        }
      ]
    }
  ],
  "check_results": null
}
